
Microsoft Visual Studio Solution File, Format Version 12.00
# Visual Studio Version 16
VisualStudioVersion = 16.0.30011.22
MinimumVisualStudioVersion = 10.0.40219.1
Project("{FAE04EC0-301F-11D3-BF4B-00C04F79EFBC}") = "VMC-Websocket-OBS", "VMC-Websocket-OBS\VMC-Websocket-OBS.csproj", "{08D2AF91-D94F-4F38-9C62-5FD53CF95303}"
EndProject
Global
	GlobalSection(SolutionConfigurationPlatforms) = preSolution
		Debug|Any CPU = Debug|Any CPU
		Release|Any CPU = Release|Any CPU
	EndGlobalSection
	GlobalSection(ProjectConfigurationPlatforms) = postSolution
		{08D2AF91-D94F-4F38-9C62-5FD53CF95303}.Debug|Any CPU.ActiveCfg = Debug|Any CPU
		{08D2AF91-D94F-4F38-9C62-5FD53CF95303}.Debug|Any CPU.Build.0 = Debug|Any CPU
		{08D2AF91-D94F-4F38-9C62-5FD53CF95303}.Release|Any CPU.ActiveCfg = Release|Any CPU
		{08D2AF91-D94F-4F38-9C62-5FD53CF95303}.Release|Any CPU.Build.0 = Release|Any CPU
	EndGlobalSection
	GlobalSection(SolutionProperties) = preSolution
		HideSolutionNode = FALSE
	EndGlobalSection
	GlobalSection(ExtensibilityGlobals) = postSolution
		SolutionGuid = {231BFA92-353A-45C1-924F-BEB0C464B4ED}
	EndGlobalSection
EndGlobal
